{
  "requires": true,
  "lockfileVersion": 1,
  "dependencies": {
    "tets_utils": {
      "version": "file:Utils",
      "dependencies": {
        "@types/body-parser": {
          "version": "1.17.0",
          "bundled": true,
          "requires": {
            "@types/connect": "*",
            "@types/node": "*"
          }
        },
        "@types/connect": {
          "version": "3.4.32",
          "bundled": true,
          "requires": {
            "@types/node": "*"
          }
        },
        "@types/events": {
          "version": "1.2.0",
          "bundled": true
        },
        "@types/express": {
          "version": "4.16.0",
          "bundled": true,
          "requires": {
            "@types/body-parser": "*",
            "@types/express-serve-static-core": "*",
            "@types/serve-static": "*"
          }
        },
        "@types/express-serve-static-core": {
          "version": "4.16.0",
          "bundled": true,
          "requires": {
            "@types/events": "*",
            "@types/node": "*",
            "@types/range-parser": "*"
          }
        },
        "@types/mime": {
          "version": "2.0.0",
          "bundled": true
        },
        "@types/node": {
          "version": "10.9.2",
          "bundled": true
        },
        "@types/range-parser": {
          "version": "1.2.2",
          "bundled": true
        },
        "@types/serve-static": {
          "version": "1.13.2",
          "bundled": true,
          "requires": {
            "@types/express-serve-static-core": "*",
            "@types/mime": "*"
          }
        },
        "typescript": {
          "version": "3.0.1",
          "bundled": true
        }
      }
    }
  }
}
